
Microsoft Visual Studio Solution File, Format Version 12.00
# Visual Studio Version 17
VisualStudioVersion = 17.3.32819.101
MinimumVisualStudioVersion = 10.0.40219.1
Project("{FAE04EC0-301F-11D3-BF4B-00C04F79EFBC}") = "MyConsumer", "MyConsumer.csproj", "{4580EEDC-2AEA-4BF3-97AE-A6D611E9564C}"
EndProject
Global
	GlobalSection(SolutionConfigurationPlatforms) = preSolution
		Debug|Any CPU = Debug|Any CPU
		Release|Any CPU = Release|Any CPU
	EndGlobalSection
	GlobalSection(ProjectConfigurationPlatforms) = postSolution
		{4580EEDC-2AEA-4BF3-97AE-A6D611E9564C}.Debug|Any CPU.ActiveCfg = Debug|Any CPU
		{4580EEDC-2AEA-4BF3-97AE-A6D611E9564C}.Debug|Any CPU.Build.0 = Debug|Any CPU
		{4580EEDC-2AEA-4BF3-97AE-A6D611E9564C}.Release|Any CPU.ActiveCfg = Release|Any CPU
		{4580EEDC-2AEA-4BF3-97AE-A6D611E9564C}.Release|Any CPU.Build.0 = Release|Any CPU
	EndGlobalSection
	GlobalSection(SolutionProperties) = preSolution
		HideSolutionNode = FALSE
	EndGlobalSection
	GlobalSection(ExtensibilityGlobals) = postSolution
		SolutionGuid = {B7B86549-AA8E-4FF3-80D2-A5495E3D72B9}
	EndGlobalSection
EndGlobal
